
Microsoft Visual Studio Solution File, Format Version 12.00
# Visual Studio 15
VisualStudioVersion = 15.0.27130.2024
MinimumVisualStudioVersion = 10.0.40219.1
Project("{FAE04EC0-301F-11D3-BF4B-00C04F79EFBC}") = "FinalApp.WEB", "FinalApp.WEB\FinalApp.WEB.csproj", "{845D3CA8-D0ED-4EEA-99C7-C2119F9F6AE9}"
EndProject
Global
	GlobalSection(SolutionConfigurationPlatforms) = preSolution
		Debug|Any CPU = Debug|Any CPU
		Release|Any CPU = Release|Any CPU
	EndGlobalSection
	GlobalSection(ProjectConfigurationPlatforms) = postSolution
		{845D3CA8-D0ED-4EEA-99C7-C2119F9F6AE9}.Debug|Any CPU.ActiveCfg = Debug|Any CPU
		{845D3CA8-D0ED-4EEA-99C7-C2119F9F6AE9}.Debug|Any CPU.Build.0 = Debug|Any CPU
		{845D3CA8-D0ED-4EEA-99C7-C2119F9F6AE9}.Release|Any CPU.ActiveCfg = Release|Any CPU
		{845D3CA8-D0ED-4EEA-99C7-C2119F9F6AE9}.Release|Any CPU.Build.0 = Release|Any CPU
	EndGlobalSection
	GlobalSection(SolutionProperties) = preSolution
		HideSolutionNode = FALSE
	EndGlobalSection
	GlobalSection(ExtensibilityGlobals) = postSolution
		SolutionGuid = {465EAFD9-4C39-4CD9-9E51-2E93F25BFE29}
	EndGlobalSection
EndGlobal
